
Microsoft Visual Studio Solution File, Format Version 12.00
# Visual Studio 15
VisualStudioVersion = 15.0.27703.2047
MinimumVisualStudioVersion = 10.0.40219.1
Project("{FAE04EC0-301F-11D3-BF4B-00C04F79EFBC}") = "тестирование", "тестирование\тестирование.csproj", "{F67E8400-CE9E-4D7E-8209-33724D51F417}"
EndProject
Project("{FAE04EC0-301F-11D3-BF4B-00C04F79EFBC}") = "Tect", "Tect\Tect.csproj", "{DCD59132-CCAD-4064-B2FD-896E9FE34B47}"
EndProject
Global
	GlobalSection(SolutionConfigurationPlatforms) = preSolution
		Debug|Any CPU = Debug|Any CPU
		Release|Any CPU = Release|Any CPU
	EndGlobalSection
	GlobalSection(ProjectConfigurationPlatforms) = postSolution
		{F67E8400-CE9E-4D7E-8209-33724D51F417}.Debug|Any CPU.ActiveCfg = Debug|Any CPU
		{F67E8400-CE9E-4D7E-8209-33724D51F417}.Debug|Any CPU.Build.0 = Debug|Any CPU
		{F67E8400-CE9E-4D7E-8209-33724D51F417}.Release|Any CPU.ActiveCfg = Release|Any CPU
		{F67E8400-CE9E-4D7E-8209-33724D51F417}.Release|Any CPU.Build.0 = Release|Any CPU
		{DCD59132-CCAD-4064-B2FD-896E9FE34B47}.Debug|Any CPU.ActiveCfg = Debug|Any CPU
		{DCD59132-CCAD-4064-B2FD-896E9FE34B47}.Debug|Any CPU.Build.0 = Debug|Any CPU
		{DCD59132-CCAD-4064-B2FD-896E9FE34B47}.Release|Any CPU.ActiveCfg = Release|Any CPU
		{DCD59132-CCAD-4064-B2FD-896E9FE34B47}.Release|Any CPU.Build.0 = Release|Any CPU
	EndGlobalSection
	GlobalSection(SolutionProperties) = preSolution
		HideSolutionNode = FALSE
	EndGlobalSection
	GlobalSection(ExtensibilityGlobals) = postSolution
		SolutionGuid = {9212CE2C-319E-49AC-9075-D8A10EE5BE5B}
	EndGlobalSection
EndGlobal
